
Microsoft Visual Studio Solution File, Format Version 12.00
# Visual Studio Version 17
VisualStudioVersion = 17.4.33110.190
MinimumVisualStudioVersion = 10.0.40219.1
Project("{FAE04EC0-301F-11D3-BF4B-00C04F79EFBC}") = "AutocutStumps", "AutocutStumps.csproj", "{ADFDEBAE-00E1-41F1-ADC5-4EA141E5EC50}"
EndProject
Global
	GlobalSection(SolutionConfigurationPlatforms) = preSolution
		Debug|Any CPU = Debug|Any CPU
		Release|Any CPU = Release|Any CPU
	EndGlobalSection
	GlobalSection(ProjectConfigurationPlatforms) = postSolution
		{ADFDEBAE-00E1-41F1-ADC5-4EA141E5EC50}.Debug|Any CPU.ActiveCfg = Debug|Any CPU
		{ADFDEBAE-00E1-41F1-ADC5-4EA141E5EC50}.Debug|Any CPU.Build.0 = Debug|Any CPU
		{ADFDEBAE-00E1-41F1-ADC5-4EA141E5EC50}.Release|Any CPU.ActiveCfg = Release|Any CPU
		{ADFDEBAE-00E1-41F1-ADC5-4EA141E5EC50}.Release|Any CPU.Build.0 = Release|Any CPU
	EndGlobalSection
	GlobalSection(SolutionProperties) = preSolution
		HideSolutionNode = FALSE
	EndGlobalSection
	GlobalSection(ExtensibilityGlobals) = postSolution
		SolutionGuid = {B01D2A2E-445A-4F17-AD83-9B7AAF2B501C}
	EndGlobalSection
EndGlobal
